
Microsoft Visual Studio Solution File, Format Version 12.00
# Visual Studio 15
VisualStudioVersion = 15.0.26403.0
MinimumVisualStudioVersion = 10.0.40219.1
Project("{FAE04EC0-301F-11D3-BF4B-00C04F79EFBC}") = "School", "School\School.csproj", "{9B90B6F0-D713-49B7-AE9C-094D215C81E7}"
EndProject
Global
	GlobalSection(SolutionConfigurationPlatforms) = preSolution
		Debug|Any CPU = Debug|Any CPU
		Release|Any CPU = Release|Any CPU
	EndGlobalSection
	GlobalSection(ProjectConfigurationPlatforms) = postSolution
		{9B90B6F0-D713-49B7-AE9C-094D215C81E7}.Debug|Any CPU.ActiveCfg = Debug|Any CPU
		{9B90B6F0-D713-49B7-AE9C-094D215C81E7}.Debug|Any CPU.Build.0 = Debug|Any CPU
		{9B90B6F0-D713-49B7-AE9C-094D215C81E7}.Release|Any CPU.ActiveCfg = Release|Any CPU
		{9B90B6F0-D713-49B7-AE9C-094D215C81E7}.Release|Any CPU.Build.0 = Release|Any CPU
	EndGlobalSection
	GlobalSection(SolutionProperties) = preSolution
		HideSolutionNode = FALSE
	EndGlobalSection
EndGlobal
